
Microsoft Visual Studio Solution File, Format Version 12.00
# Visual Studio Version 17
VisualStudioVersion = 17.5.002.0
MinimumVisualStudioVersion = 10.0.40219.1
Project("{9A19103F-16F7-4668-BE54-9A1E7A4F7556}") = "azure-app-service", "azure-app-service\azure-app-service.csproj", "{58886049-200D-4E19-943F-BF25DBE72089}"
EndProject
Global
	GlobalSection(SolutionConfigurationPlatforms) = preSolution
		Debug|Any CPU = Debug|Any CPU
		Release|Any CPU = Release|Any CPU
	EndGlobalSection
	GlobalSection(ProjectConfigurationPlatforms) = postSolution
		{58886049-200D-4E19-943F-BF25DBE72089}.Debug|Any CPU.ActiveCfg = Debug|Any CPU
		{58886049-200D-4E19-943F-BF25DBE72089}.Debug|Any CPU.Build.0 = Debug|Any CPU
		{58886049-200D-4E19-943F-BF25DBE72089}.Release|Any CPU.ActiveCfg = Release|Any CPU
		{58886049-200D-4E19-943F-BF25DBE72089}.Release|Any CPU.Build.0 = Release|Any CPU
	EndGlobalSection
	GlobalSection(SolutionProperties) = preSolution
		HideSolutionNode = FALSE
	EndGlobalSection
	GlobalSection(ExtensibilityGlobals) = postSolution
		SolutionGuid = {1BE34BB3-D190-442E-AC28-F4C6AFEDA42A}
	EndGlobalSection
EndGlobal
